{
  "version": 4,
  "terraform_version": "1.4.0",
  "serial": 12,
  "lineage": "a1718845-2b22-c721-d567-fe7d082bd3cd",
  "outputs": {
    "endpoint": {
      "value": "https://45B74F7F1C20C1DDA77FDEEF35C18816.gr7.ap-northeast-2.eks.amazonaws.com",
      "type": "string"
    }
  },
  "resources": [
    {
      "mode": "managed",
      "type": "aws_eks_cluster",
      "name": "shop",
      "provider": "provider[\"registry.terraform.io/hashicorp/aws\"]",
      "instances": [
        {
          "schema_version": 0,
          "attributes": {
            "arn": "arn:aws:eks:ap-northeast-2:193945198166:cluster/shop",
            "certificate_authority": [
              {
                "data": "LS0tLS1CRUdJTiBDRVJUSUZJQ0FURS0tLS0tCk1JSUMvakNDQWVhZ0F3SUJBZ0lCQURBTkJna3Foa2lHOXcwQkFRc0ZBREFWTVJNd0VRWURWUVFERXdwcmRXSmwKY201bGRHVnpNQjRYRFRJek1ETXhOekF5TURjd00xb1hEVE16TURNeE5EQXlNRGN3TTFvd0ZURVRNQkVHQTFVRQpBeE1LYTNWaVpYSnVaWFJsY3pDQ0FTSXdEUVlKS29aSWh2Y05BUUVCQlFBRGdnRVBBRENDQVFvQ2dnRUJBS285CjNscmlLUi9TVStOY2RPaWhHYkVLdW1wN2F1UCtKRHkvRHo1K3hRYWJZSDRqRC9oR1VCNGZrbkEwRlNaSTB0T0kKZXMyN0dRd3NJaU1rYy9wUDJmeU0ydjhvMS9iaFNoY3FvWU5oUnVuSDF3dFhFblpPdms2aUR2UVNXbHcxYzF3eQpjQzFnZFZCdHg3Q24yYVl4dktuUjNjeXlVb0dnVm15RjEzc3hOZ0F5S0h4Qkx2ejY0eXk3M3FKMkszekF6VUlFCmlrSVJCaGlaOHFPWWxGRk5YRmdGeHRXOFhUcFd2NVNqU0NNUy9FcEhCUy9jKzZEbnN6SHV2dk16WkFYelBvYm4KdXg3K1g4MnVkSnJMVFoyaGFKWU1rYTg4OVhFcjFnL0Ftdm1Ka2hINlZPZU9oT29oYlF4M09mRWFhNVorbHB3LwpDS0JVcDdaMDkrK0d5MTBGSFdzQ0F3RUFBYU5aTUZjd0RnWURWUjBQQVFIL0JBUURBZ0trTUE4R0ExVWRFd0VCCi93UUZNQU1CQWY4d0hRWURWUjBPQkJZRUZBM1NsWnNySTZWYXJCNXY4aWt0blFLMHhXQW1NQlVHQTFVZEVRUU8KTUF5Q0NtdDFZbVZ5Ym1WMFpYTXdEUVlKS29aSWh2Y05BUUVMQlFBRGdnRUJBRGxtYzBHd2cvUFJ4amFWM3lragpBblVJWWtrVCs5bnJaUm9pQTh5d1hjNDFiejRQUlM2UnJvaXBFaDFDOWxMUGJjMFd0L3lXNEpZS25OTXAzVi9RCi92Tm9IZkNGUUtIdWZYb0h1YWVzaU5BWGF1aWVnOXlmd1cyYXZqdjhTN2VLb1YweEdkSitVSnRrczNuQ2RVK1oKd2JiTVZnMWtHNUtIWTJRajh3VitwaGE0aGE4aDNBc2dqK0Z1aW9WWE9UdnpmUVFxYUhyR3prc0w2NzQzVlRxUgpXWm5BS2I5V3JLQ295QktJSzhSQXZBek9kSHRJYitybTFNK2pNaWhQaDhNVnJpbXdWQlVhZk1ZbnlVaG02bEZVCnhraXFGQytoOVlwYmV2TTIyMFFWbXhJSGFhVjVHWVdCNGpOdFZDNVpZcG1zY3VVekdTbHI5M3lNbisxek40ZmcKd25BPQotLS0tLUVORCBDRVJUSUZJQ0FURS0tLS0tCg=="
              }
            ],
            "cluster_id": null,
            "created_at": "2023-03-17 02:01:23.265 +0000 UTC",
            "enabled_cluster_log_types": [],
            "encryption_config": [],
            "endpoint": "https://45B74F7F1C20C1DDA77FDEEF35C18816.gr7.ap-northeast-2.eks.amazonaws.com",
            "id": "shop",
            "identity": [
              {
                "oidc": [
                  {
                    "issuer": "https://oidc.eks.ap-northeast-2.amazonaws.com/id/45B74F7F1C20C1DDA77FDEEF35C18816"
                  }
                ]
              }
            ],
            "kubernetes_network_config": [
              {
                "ip_family": "ipv4",
                "service_ipv4_cidr": "10.100.0.0/16",
                "service_ipv6_cidr": ""
              }
            ],
            "name": "shop",
            "outpost_config": [],
            "platform_version": "eks.1",
            "role_arn": "arn:aws:iam::193945198166:role/EKS",
            "status": "ACTIVE",
            "tags": {},
            "tags_all": {},
            "timeouts": null,
            "version": "1.25",
            "vpc_config": [
              {
                "cluster_security_group_id": "sg-087c7ded1a86e91d7",
                "endpoint_private_access": false,
                "endpoint_public_access": true,
                "public_access_cidrs": [
                  "0.0.0.0/0"
                ],
                "security_group_ids": [],
                "subnet_ids": [
                  "subnet-015acc0c1ab472a93",
                  "subnet-01d0a23a70b6e1630",
                  "subnet-090aded7322b3ade3",
                  "subnet-0f793203dcc144a53"
                ],
                "vpc_id": "vpc-08cba19a84adf2ff6"
              }
            ]
          },
          "sensitive_attributes": [],
          "private": "eyJlMmJmYjczMC1lY2FhLTExZTYtOGY4OC0zNDM2M2JjN2M0YzAiOnsiY3JlYXRlIjoxODAwMDAwMDAwMDAwLCJkZWxldGUiOjkwMDAwMDAwMDAwMCwidXBkYXRlIjozNjAwMDAwMDAwMDAwfX0="
        }
      ]
    }
  ],
  "check_results": null
}
